
Microsoft Visual Studio Solution File, Format Version 12.00
# Visual Studio Version 17
VisualStudioVersion = 17.5.002.0
MinimumVisualStudioVersion = 10.0.40219.1
Project("{9A19103F-16F7-4668-BE54-9A1E7A4F7556}") = "MiniChall5-7", "MiniChall5-7.csproj", "{0E935B8B-8389-4D21-B4DA-EA26BC338216}"
EndProject
Global
	GlobalSection(SolutionConfigurationPlatforms) = preSolution
		Debug|Any CPU = Debug|Any CPU
		Release|Any CPU = Release|Any CPU
	EndGlobalSection
	GlobalSection(ProjectConfigurationPlatforms) = postSolution
		{0E935B8B-8389-4D21-B4DA-EA26BC338216}.Debug|Any CPU.ActiveCfg = Debug|Any CPU
		{0E935B8B-8389-4D21-B4DA-EA26BC338216}.Debug|Any CPU.Build.0 = Debug|Any CPU
		{0E935B8B-8389-4D21-B4DA-EA26BC338216}.Release|Any CPU.ActiveCfg = Release|Any CPU
		{0E935B8B-8389-4D21-B4DA-EA26BC338216}.Release|Any CPU.Build.0 = Release|Any CPU
	EndGlobalSection
	GlobalSection(SolutionProperties) = preSolution
		HideSolutionNode = FALSE
	EndGlobalSection
	GlobalSection(ExtensibilityGlobals) = postSolution
		SolutionGuid = {EC65B16E-3814-4E45-80A6-49A3DC70E9AF}
	EndGlobalSection
EndGlobal
